// !$*UTF8*$!
{
	archiveVersion = 1;
	classes = {
	};
	objectVersion = 60;
	objects = {

/* Begin PBXBuildFile section */
		560591BC2C84EF0A002C7D86 /* ServiceMethod.swift in Sources */ = {isa = PBXBuildFile; fileRef = 560591BB2C84EF0A002C7D86 /* ServiceMethod.swift */; };
		560591BE2C84EF3F002C7D86 /* APIManager.swift in Sources */ = {isa = PBXBuildFile; fileRef = 560591BD2C84EF3F002C7D86 /* APIManager.swift */; };
		560591C02C84EF8A002C7D86 /* Managable.swift in Sources */ = {isa = PBXBuildFile; fileRef = 560591BF2C84EF8A002C7D86 /* Managable.swift */; };
		560591C22C84F01C002C7D86 /* APIManagerError.swift in Sources */ = {isa = PBXBuildFile; fileRef = 560591C12C84F01C002C7D86 /* APIManagerError.swift */; };
		560591C42C84F165002C7D86 /* HeaderKeyValue.swift in Sources */ = {isa = PBXBuildFile; fileRef = 560591C32C84F165002C7D86 /* HeaderKeyValue.swift */; };
		560591C62C84F269002C7D86 /* URLRequest+Headers.swift in Sources */ = {isa = PBXBuildFile; fileRef = 560591C52C84F269002C7D86 /* URLRequest+Headers.swift */; };
		560591CC2C853316002C7D86 /* HTTPURLResponse+StatusCodeChecker.swift in Sources */ = {isa = PBXBuildFile; fileRef = 560591CB2C853316002C7D86 /* HTTPURLResponse+StatusCodeChecker.swift */; };
		560591CE2C853328002C7D86 /* Error+Description.swift in Sources */ = {isa = PBXBuildFile; fileRef = 560591CD2C853328002C7D86 /* Error+Description.swift */; };
		5629D5E82C39E8BF00F11FC3 /* String+Truncated.swift in Sources */ = {isa = PBXBuildFile; fileRef = 5629D5E72C39E8BF00F11FC3 /* String+Truncated.swift */; };
		565466912C4D15630023B8EA /* FreeScoutService.swift in Sources */ = {isa = PBXBuildFile; fileRef = 565466902C4D15630023B8EA /* FreeScoutService.swift */; };
		5694F79D2C57038C003C168A /* Configurator.swift in Sources */ = {isa = PBXBuildFile; fileRef = 5694F79C2C57038C003C168A /* Configurator.swift */; };
		5694F7A12C571C52003C168A /* ConfigurationWindow.xib in Resources */ = {isa = PBXBuildFile; fileRef = 5694F7A02C571C52003C168A /* ConfigurationWindow.xib */; };
		5694F7A42C57212D003C168A /* ConfigurationViewController.swift in Sources */ = {isa = PBXBuildFile; fileRef = 5694F7A22C57212D003C168A /* ConfigurationViewController.swift */; };
		56C7C6532C2E5923001F5173 /* alert.mp3 in Resources */ = {isa = PBXBuildFile; fileRef = 56C7C6522C2E5923001F5173 /* alert.mp3 */; };
		56C7C6552C2FFD41001F5173 /* ConversationContainer.swift in Sources */ = {isa = PBXBuildFile; fileRef = 56C7C6542C2FFD41001F5173 /* ConversationContainer.swift */; };
		56C7C6572C2FFD70001F5173 /* User.swift in Sources */ = {isa = PBXBuildFile; fileRef = 56C7C6562C2FFD70001F5173 /* User.swift */; };
		56C7C6642C301A3B001F5173 /* FetchInterval.swift in Sources */ = {isa = PBXBuildFile; fileRef = 56C7C6612C301A3B001F5173 /* FetchInterval.swift */; };
		56C7C6652C301A3B001F5173 /* Configuration.swift in Sources */ = {isa = PBXBuildFile; fileRef = 56C7C6602C301A3B001F5173 /* Configuration.swift */; };
		56C7C6662C301A3B001F5173 /* Key.swift in Sources */ = {isa = PBXBuildFile; fileRef = 56C7C6622C301A3B001F5173 /* Key.swift */; };
		56CF0EDB2C2C0BCA0061C544 /* AppDelegate.swift in Sources */ = {isa = PBXBuildFile; fileRef = 56CF0EDA2C2C0BCA0061C544 /* AppDelegate.swift */; };
		56CF0EDF2C2C0BCC0061C544 /* Assets.xcassets in Resources */ = {isa = PBXBuildFile; fileRef = 56CF0EDE2C2C0BCC0061C544 /* Assets.xcassets */; };
		56CF0EEA2C2C10B00061C544 /* main.swift in Sources */ = {isa = PBXBuildFile; fileRef = 56CF0EE92C2C10B00061C544 /* main.swift */; };
		56CF0EED2C2D4AFE0061C544 /* MailboxContainer.swift in Sources */ = {isa = PBXBuildFile; fileRef = 56CF0EEC2C2D4AFE0061C544 /* MailboxContainer.swift */; };
		56CF0EEF2C2D4B890061C544 /* Page.swift in Sources */ = {isa = PBXBuildFile; fileRef = 56CF0EEE2C2D4B890061C544 /* Page.swift */; };
		56CF0EF22C2D4BBA0061C544 /* Source.swift in Sources */ = {isa = PBXBuildFile; fileRef = 56CF0EF12C2D4BBA0061C544 /* Source.swift */; };
		56CF0EF42C2D4BD10061C544 /* TimeFrame.swift in Sources */ = {isa = PBXBuildFile; fileRef = 56CF0EF32C2D4BD10061C544 /* TimeFrame.swift */; };
		56CF0EF62C2D4C100061C544 /* Endpoint.swift in Sources */ = {isa = PBXBuildFile; fileRef = 56CF0EF52C2D4C100061C544 /* Endpoint.swift */; };
		56CF0EF82C2D502A0061C544 /* Scouter.swift in Sources */ = {isa = PBXBuildFile; fileRef = 56CF0EF72C2D502A0061C544 /* Scouter.swift */; };
		56CF0EFC2C2DB3BE0061C544 /* Folders.swift in Sources */ = {isa = PBXBuildFile; fileRef = 56CF0EFB2C2DB3BE0061C544 /* Folders.swift */; };
		56FA28432C95F13300280AAA /* Scouter+ConfiguratorDelegate.swift in Sources */ = {isa = PBXBuildFile; fileRef = 56FA28422C95F13300280AAA /* Scouter+ConfiguratorDelegate.swift */; };
/* End PBXBuildFile section */

/* Begin PBXFileReference section */
		560591BB2C84EF0A002C7D86 /* ServiceMethod.swift */ = {isa = PBXFileReference; lastKnownFileType = sourcecode.swift; path = ServiceMethod.swift; sourceTree = "<group>"; };
		560591BD2C84EF3F002C7D86 /* APIManager.swift */ = {isa = PBXFileReference; lastKnownFileType = sourcecode.swift; path = APIManager.swift; sourceTree = "<group>"; };
		560591BF2C84EF8A002C7D86 /* Managable.swift */ = {isa = PBXFileReference; lastKnownFileType = sourcecode.swift; path = Managable.swift; sourceTree = "<group>"; };
		560591C12C84F01C002C7D86 /* APIManagerError.swift */ = {isa = PBXFileReference; lastKnownFileType = sourcecode.swift; path = APIManagerError.swift; sourceTree = "<group>"; };
		560591C32C84F165002C7D86 /* HeaderKeyValue.swift */ = {isa = PBXFileReference; lastKnownFileType = sourcecode.swift; path = HeaderKeyValue.swift; sourceTree = "<group>"; };
		560591C52C84F269002C7D86 /* URLRequest+Headers.swift */ = {isa = PBXFileReference; lastKnownFileType = sourcecode.swift; path = "URLRequest+Headers.swift"; sourceTree = "<group>"; };
		560591CB2C853316002C7D86 /* HTTPURLResponse+StatusCodeChecker.swift */ = {isa = PBXFileReference; lastKnownFileType = sourcecode.swift; path = "HTTPURLResponse+StatusCodeChecker.swift"; sourceTree = "<group>"; };
		560591CD2C853328002C7D86 /* Error+Description.swift */ = {isa = PBXFileReference; lastKnownFileType = sourcecode.swift; path = "Error+Description.swift"; sourceTree = "<group>"; };
		5629D5E72C39E8BF00F11FC3 /* String+Truncated.swift */ = {isa = PBXFileReference; lastKnownFileType = sourcecode.swift; path = "String+Truncated.swift"; sourceTree = "<group>"; };
		565466902C4D15630023B8EA /* FreeScoutService.swift */ = {isa = PBXFileReference; lastKnownFileType = sourcecode.swift; path = FreeScoutService.swift; sourceTree = "<group>"; };
		5694F79C2C57038C003C168A /* Configurator.swift */ = {isa = PBXFileReference; lastKnownFileType = sourcecode.swift; path = Configurator.swift; sourceTree = "<group>"; };
		5694F7A02C571C52003C168A /* ConfigurationWindow.xib */ = {isa = PBXFileReference; lastKnownFileType = file.xib; path = ConfigurationWindow.xib; sourceTree = "<group>"; };
		5694F7A22C57212D003C168A /* ConfigurationViewController.swift */ = {isa = PBXFileReference; lastKnownFileType = sourcecode.swift; path = ConfigurationViewController.swift; sourceTree = "<group>"; };
		56C7C6502C2E4F43001F5173 /* FetchInterval.swift */ = {isa = PBXFileReference; lastKnownFileType = sourcecode.swift; path = FetchInterval.swift; sourceTree = "<group>"; };
		56C7C6522C2E5923001F5173 /* alert.mp3 */ = {isa = PBXFileReference; lastKnownFileType = audio.mp3; path = alert.mp3; sourceTree = "<group>"; };
		56C7C6542C2FFD41001F5173 /* ConversationContainer.swift */ = {isa = PBXFileReference; lastKnownFileType = sourcecode.swift; path = ConversationContainer.swift; sourceTree = "<group>"; };
		56C7C6562C2FFD70001F5173 /* User.swift */ = {isa = PBXFileReference; lastKnownFileType = sourcecode.swift; path = User.swift; sourceTree = "<group>"; };
		56C7C65A2C3004ED001F5173 /* Configuration.swift */ = {isa = PBXFileReference; lastKnownFileType = sourcecode.swift; path = Configuration.swift; sourceTree = "<group>"; };
		56C7C65C2C300507001F5173 /* Key.swift */ = {isa = PBXFileReference; lastKnownFileType = sourcecode.swift; path = Key.swift; sourceTree = "<group>"; };
		56C7C6602C301A3B001F5173 /* Configuration.swift */ = {isa = PBXFileReference; lastKnownFileType = sourcecode.swift; path = Configuration.swift; sourceTree = "<group>"; };
		56C7C6612C301A3B001F5173 /* FetchInterval.swift */ = {isa = PBXFileReference; lastKnownFileType = sourcecode.swift; path = FetchInterval.swift; sourceTree = "<group>"; };
		56C7C6622C301A3B001F5173 /* Key.swift */ = {isa = PBXFileReference; lastKnownFileType = sourcecode.swift; path = Key.swift; sourceTree = "<group>"; };
		56CF0ED72C2C0BCA0061C544 /* Scouter.app */ = {isa = PBXFileReference; explicitFileType = wrapper.application; includeInIndex = 0; path = Scouter.app; sourceTree = BUILT_PRODUCTS_DIR; };
		56CF0EDA2C2C0BCA0061C544 /* AppDelegate.swift */ = {isa = PBXFileReference; lastKnownFileType = sourcecode.swift; path = AppDelegate.swift; sourceTree = "<group>"; };
		56CF0EDE2C2C0BCC0061C544 /* Assets.xcassets */ = {isa = PBXFileReference; lastKnownFileType = folder.assetcatalog; path = Assets.xcassets; sourceTree = "<group>"; };
		56CF0EE32C2C0BCC0061C544 /* Scouter.entitlements */ = {isa = PBXFileReference; lastKnownFileType = text.plist.entitlements; path = Scouter.entitlements; sourceTree = "<group>"; };
		56CF0EE92C2C10B00061C544 /* main.swift */ = {isa = PBXFileReference; lastKnownFileType = sourcecode.swift; path = main.swift; sourceTree = "<group>"; };
		56CF0EEC2C2D4AFE0061C544 /* MailboxContainer.swift */ = {isa = PBXFileReference; lastKnownFileType = sourcecode.swift; path = MailboxContainer.swift; sourceTree = "<group>"; };
		56CF0EEE2C2D4B890061C544 /* Page.swift */ = {isa = PBXFileReference; lastKnownFileType = sourcecode.swift; path = Page.swift; sourceTree = "<group>"; };
		56CF0EF12C2D4BBA0061C544 /* Source.swift */ = {isa = PBXFileReference; lastKnownFileType = sourcecode.swift; path = Source.swift; sourceTree = "<group>"; };
		56CF0EF32C2D4BD10061C544 /* TimeFrame.swift */ = {isa = PBXFileReference; lastKnownFileType = sourcecode.swift; path = TimeFrame.swift; sourceTree = "<group>"; };
		56CF0EF52C2D4C100061C544 /* Endpoint.swift */ = {isa = PBXFileReference; lastKnownFileType = sourcecode.swift; path = Endpoint.swift; sourceTree = "<group>"; };
		56CF0EF72C2D502A0061C544 /* Scouter.swift */ = {isa = PBXFileReference; lastKnownFileType = sourcecode.swift; path = Scouter.swift; sourceTree = "<group>"; };
		56CF0EFB2C2DB3BE0061C544 /* Folders.swift */ = {isa = PBXFileReference; lastKnownFileType = sourcecode.swift; path = Folders.swift; sourceTree = "<group>"; };
		56FA28422C95F13300280AAA /* Scouter+ConfiguratorDelegate.swift */ = {isa = PBXFileReference; lastKnownFileType = sourcecode.swift; path = "Scouter+ConfiguratorDelegate.swift"; sourceTree = "<group>"; };
/* End PBXFileReference section */

/* Begin PBXFrameworksBuildPhase section */
		56CF0ED42C2C0BCA0061C544 /* Frameworks */ = {
			isa = PBXFrameworksBuildPhase;
			buildActionMask = 2147483647;
			files = (
			);
			runOnlyForDeploymentPostprocessing = 0;
		};
/* End PBXFrameworksBuildPhase section */

/* Begin PBXGroup section */
		560591BA2C84EEE0002C7D86 /* Networking */ = {
			isa = PBXGroup;
			children = (
				560591BD2C84EF3F002C7D86 /* APIManager.swift */,
				560591C12C84F01C002C7D86 /* APIManagerError.swift */,
				560591CD2C853328002C7D86 /* Error+Description.swift */,
				560591C32C84F165002C7D86 /* HeaderKeyValue.swift */,
				560591CB2C853316002C7D86 /* HTTPURLResponse+StatusCodeChecker.swift */,
				560591BF2C84EF8A002C7D86 /* Managable.swift */,
				560591BB2C84EF0A002C7D86 /* ServiceMethod.swift */,
				560591C52C84F269002C7D86 /* URLRequest+Headers.swift */,
			);
			path = Networking;
			sourceTree = "<group>";
		};
		56C7C65F2C3019B4001F5173 /* New Group */ = {
			isa = PBXGroup;
			children = (
				56C7C65A2C3004ED001F5173 /* Configuration.swift */,
				56C7C6502C2E4F43001F5173 /* FetchInterval.swift */,
				56C7C65C2C300507001F5173 /* Key.swift */,
			);
			path = "New Group";
			sourceTree = "<group>";
		};
		56C7C6632C301A3B001F5173 /* Resources */ = {
			isa = PBXGroup;
			children = (
				56C7C6602C301A3B001F5173 /* Configuration.swift */,
				56C7C6612C301A3B001F5173 /* FetchInterval.swift */,
				56C7C6622C301A3B001F5173 /* Key.swift */,
			);
			path = Resources;
			sourceTree = "<group>";
		};
		56CF0ECE2C2C0BCA0061C544 = {
			isa = PBXGroup;
			children = (
				56CF0ED92C2C0BCA0061C544 /* Scouter */,
				56CF0ED82C2C0BCA0061C544 /* Products */,
			);
			sourceTree = "<group>";
		};
		56CF0ED82C2C0BCA0061C544 /* Products */ = {
			isa = PBXGroup;
			children = (
				56C7C65F2C3019B4001F5173 /* New Group */,
				56CF0ED72C2C0BCA0061C544 /* Scouter.app */,
			);
			name = Products;
			sourceTree = "<group>";
		};
		56CF0ED92C2C0BCA0061C544 /* Scouter */ = {
			isa = PBXGroup;
			children = (
				56C7C6522C2E5923001F5173 /* alert.mp3 */,
				56CF0EDA2C2C0BCA0061C544 /* AppDelegate.swift */,
				56CF0EDE2C2C0BCC0061C544 /* Assets.xcassets */,
				5694F7A22C57212D003C168A /* ConfigurationViewController.swift */,
				5694F7A02C571C52003C168A /* ConfigurationWindow.xib */,
				5694F79C2C57038C003C168A /* Configurator.swift */,
				56CF0EEB2C2CBD190061C544 /* FreeScoutAPI */,
				56CF0EE92C2C10B00061C544 /* main.swift */,
				560591BA2C84EEE0002C7D86 /* Networking */,
				56C7C6632C301A3B001F5173 /* Resources */,
				56CF0EE32C2C0BCC0061C544 /* Scouter.entitlements */,
				56FA283F2C95F0EC00280AAA /* Scouter */,
				5629D5E72C39E8BF00F11FC3 /* String+Truncated.swift */,
			);
			path = Scouter;
			sourceTree = "<group>";
		};
		56CF0EEB2C2CBD190061C544 /* FreeScoutAPI */ = {
			isa = PBXGroup;
			children = (
				56CF0EF52C2D4C100061C544 /* Endpoint.swift */,
				565466902C4D15630023B8EA /* FreeScoutService.swift */,
				56CF0EF02C2D4BA70061C544 /* Models */,
			);
			path = FreeScoutAPI;
			sourceTree = "<group>";
		};
		56CF0EF02C2D4BA70061C544 /* Models */ = {
			isa = PBXGroup;
			children = (
				56C7C6542C2FFD41001F5173 /* ConversationContainer.swift */,
				56CF0EFB2C2DB3BE0061C544 /* Folders.swift */,
				56CF0EEC2C2D4AFE0061C544 /* MailboxContainer.swift */,
				56CF0EEE2C2D4B890061C544 /* Page.swift */,
				56CF0EF12C2D4BBA0061C544 /* Source.swift */,
				56CF0EF32C2D4BD10061C544 /* TimeFrame.swift */,
				56C7C6562C2FFD70001F5173 /* User.swift */,
			);
			path = Models;
			sourceTree = "<group>";
		};
		56FA283F2C95F0EC00280AAA /* Scouter */ = {
			isa = PBXGroup;
			children = (
				56CF0EF72C2D502A0061C544 /* Scouter.swift */,
				56FA28422C95F13300280AAA /* Scouter+ConfiguratorDelegate.swift */,
			);
			path = Scouter;
			sourceTree = "<group>";
		};
/* End PBXGroup section */

/* Begin PBXNativeTarget section */
		56CF0ED62C2C0BCA0061C544 /* Scouter */ = {
			isa = PBXNativeTarget;
			buildConfigurationList = 56CF0EE62C2C0BCC0061C544 /* Build configuration list for PBXNativeTarget "Scouter" */;
			buildPhases = (
				56CF0ED32C2C0BCA0061C544 /* Sources */,
				56CF0ED42C2C0BCA0061C544 /* Frameworks */,
				56CF0ED52C2C0BCA0061C544 /* Resources */,
			);
			buildRules = (
			);
			dependencies = (
			);
			name = Scouter;
			productName = Scouter;
			productReference = 56CF0ED72C2C0BCA0061C544 /* Scouter.app */;
			productType = "com.apple.product-type.application";
		};
/* End PBXNativeTarget section */

/* Begin PBXProject section */
		56CF0ECF2C2C0BCA0061C544 /* Project object */ = {
			isa = PBXProject;
			attributes = {
				BuildIndependentTargetsInParallel = 1;
				LastSwiftUpdateCheck = 1600;
				LastUpgradeCheck = 1600;
				TargetAttributes = {
					56CF0ED62C2C0BCA0061C544 = {
						CreatedOnToolsVersion = 16.0;
					};
				};
			};
			buildConfigurationList = 56CF0ED22C2C0BCA0061C544 /* Build configuration list for PBXProject "Scouter" */;
			compatibilityVersion = "Xcode 15.0";
			developmentRegion = en;
			hasScannedForEncodings = 0;
			knownRegions = (
				en,
				Base,
			);
			mainGroup = 56CF0ECE2C2C0BCA0061C544;
			productRefGroup = 56CF0ED82C2C0BCA0061C544 /* Products */;
			projectDirPath = "";
			projectRoot = "";
			targets = (
				56CF0ED62C2C0BCA0061C544 /* Scouter */,
			);
		};
/* End PBXProject section */

/* Begin PBXResourcesBuildPhase section */
		56CF0ED52C2C0BCA0061C544 /* Resources */ = {
			isa = PBXResourcesBuildPhase;
			buildActionMask = 2147483647;
			files = (
				56CF0EDF2C2C0BCC0061C544 /* Assets.xcassets in Resources */,
				56C7C6532C2E5923001F5173 /* alert.mp3 in Resources */,
				5694F7A12C571C52003C168A /* ConfigurationWindow.xib in Resources */,
			);
			runOnlyForDeploymentPostprocessing = 0;
		};
/* End PBXResourcesBuildPhase section */

/* Begin PBXSourcesBuildPhase section */
		56CF0ED32C2C0BCA0061C544 /* Sources */ = {
			isa = PBXSourcesBuildPhase;
			buildActionMask = 2147483647;
			files = (
				56CF0EED2C2D4AFE0061C544 /* MailboxContainer.swift in Sources */,
				56C7C6552C2FFD41001F5173 /* ConversationContainer.swift in Sources */,
				5629D5E82C39E8BF00F11FC3 /* String+Truncated.swift in Sources */,
				560591CC2C853316002C7D86 /* HTTPURLResponse+StatusCodeChecker.swift in Sources */,
				565466912C4D15630023B8EA /* FreeScoutService.swift in Sources */,
				5694F79D2C57038C003C168A /* Configurator.swift in Sources */,
				560591CE2C853328002C7D86 /* Error+Description.swift in Sources */,
				560591C42C84F165002C7D86 /* HeaderKeyValue.swift in Sources */,
				560591BE2C84EF3F002C7D86 /* APIManager.swift in Sources */,
				56C7C6642C301A3B001F5173 /* FetchInterval.swift in Sources */,
				56C7C6652C301A3B001F5173 /* Configuration.swift in Sources */,
				560591BC2C84EF0A002C7D86 /* ServiceMethod.swift in Sources */,
				560591C62C84F269002C7D86 /* URLRequest+Headers.swift in Sources */,
				560591C22C84F01C002C7D86 /* APIManagerError.swift in Sources */,
				56C7C6662C301A3B001F5173 /* Key.swift in Sources */,
				56CF0EF42C2D4BD10061C544 /* TimeFrame.swift in Sources */,
				56C7C6572C2FFD70001F5173 /* User.swift in Sources */,
				56CF0EF22C2D4BBA0061C544 /* Source.swift in Sources */,
				56CF0EDB2C2C0BCA0061C544 /* AppDelegate.swift in Sources */,
				56CF0EEA2C2C10B00061C544 /* main.swift in Sources */,
				56CF0EFC2C2DB3BE0061C544 /* Folders.swift in Sources */,
				56CF0EF62C2D4C100061C544 /* Endpoint.swift in Sources */,
				560591C02C84EF8A002C7D86 /* Managable.swift in Sources */,
				5694F7A42C57212D003C168A /* ConfigurationViewController.swift in Sources */,
				56CF0EEF2C2D4B890061C544 /* Page.swift in Sources */,
				56CF0EF82C2D502A0061C544 /* Scouter.swift in Sources */,
				56FA28432C95F13300280AAA /* Scouter+ConfiguratorDelegate.swift in Sources */,
			);
			runOnlyForDeploymentPostprocessing = 0;
		};
/* End PBXSourcesBuildPhase section */

/* Begin XCBuildConfiguration section */
		56CF0EE42C2C0BCC0061C544 /* Debug */ = {
			isa = XCBuildConfiguration;
			buildSettings = {
				ALWAYS_SEARCH_USER_PATHS = NO;
				ASSETCATALOG_COMPILER_GENERATE_SWIFT_ASSET_SYMBOL_EXTENSIONS = YES;
				CLANG_ANALYZER_NONNULL = YES;
				CLANG_ANALYZER_NUMBER_OBJECT_CONVERSION = YES_AGGRESSIVE;
				CLANG_CXX_LANGUAGE_STANDARD = "gnu++20";
				CLANG_ENABLE_MODULES = YES;
				CLANG_ENABLE_OBJC_ARC = YES;
				CLANG_ENABLE_OBJC_WEAK = YES;
				CLANG_WARN_BLOCK_CAPTURE_AUTORELEASING = YES;
				CLANG_WARN_BOOL_CONVERSION = YES;
				CLANG_WARN_COMMA = YES;
				CLANG_WARN_CONSTANT_CONVERSION = YES;
				CLANG_WARN_DEPRECATED_OBJC_IMPLEMENTATIONS = YES;
				CLANG_WARN_DIRECT_OBJC_ISA_USAGE = YES_ERROR;
				CLANG_WARN_DOCUMENTATION_COMMENTS = YES;
				CLANG_WARN_EMPTY_BODY = YES;
				CLANG_WARN_ENUM_CONVERSION = YES;
				CLANG_WARN_INFINITE_RECURSION = YES;
				CLANG_WARN_INT_CONVERSION = YES;
				CLANG_WARN_NON_LITERAL_NULL_CONVERSION = YES;
				CLANG_WARN_OBJC_IMPLICIT_RETAIN_SELF = YES;
				CLANG_WARN_OBJC_LITERAL_CONVERSION = YES;
				CLANG_WARN_OBJC_ROOT_CLASS = YES_ERROR;
				CLANG_WARN_QUOTED_INCLUDE_IN_FRAMEWORK_HEADER = YES;
				CLANG_WARN_RANGE_LOOP_ANALYSIS = YES;
				CLANG_WARN_STRICT_PROTOTYPES = YES;
				CLANG_WARN_SUSPICIOUS_MOVE = YES;
				CLANG_WARN_UNGUARDED_AVAILABILITY = YES_AGGRESSIVE;
				CLANG_WARN_UNREACHABLE_CODE = YES;
				CLANG_WARN__DUPLICATE_METHOD_MATCH = YES;
				COPY_PHASE_STRIP = NO;
				DEBUG_INFORMATION_FORMAT = dwarf;
				ENABLE_STRICT_OBJC_MSGSEND = YES;
				ENABLE_TESTABILITY = YES;
				ENABLE_USER_SCRIPT_SANDBOXING = YES;
				GCC_C_LANGUAGE_STANDARD = gnu17;
				GCC_DYNAMIC_NO_PIC = NO;
				GCC_NO_COMMON_BLOCKS = YES;
				GCC_OPTIMIZATION_LEVEL = 0;
				GCC_PREPROCESSOR_DEFINITIONS = (
					"DEBUG=1",
					"$(inherited)",
				);
				GCC_WARN_64_TO_32_BIT_CONVERSION = YES;
				GCC_WARN_ABOUT_RETURN_TYPE = YES_ERROR;
				GCC_WARN_UNDECLARED_SELECTOR = YES;
				GCC_WARN_UNINITIALIZED_AUTOS = YES_AGGRESSIVE;
				GCC_WARN_UNUSED_FUNCTION = YES;
				GCC_WARN_UNUSED_VARIABLE = YES;
				LOCALIZATION_PREFERS_STRING_CATALOGS = YES;
				MACOSX_DEPLOYMENT_TARGET = 15.0;
				MTL_ENABLE_DEBUG_INFO = INCLUDE_SOURCE;
				MTL_FAST_MATH = YES;
				ONLY_ACTIVE_ARCH = YES;
				SDKROOT = macosx;
				SWIFT_ACTIVE_COMPILATION_CONDITIONS = "DEBUG $(inherited)";
				SWIFT_OPTIMIZATION_LEVEL = "-Onone";
			};
			name = Debug;
		};
		56CF0EE52C2C0BCC0061C544 /* Release */ = {
			isa = XCBuildConfiguration;
			buildSettings = {
				ALWAYS_SEARCH_USER_PATHS = NO;
				ASSETCATALOG_COMPILER_GENERATE_SWIFT_ASSET_SYMBOL_EXTENSIONS = YES;
				CLANG_ANALYZER_NONNULL = YES;
				CLANG_ANALYZER_NUMBER_OBJECT_CONVERSION = YES_AGGRESSIVE;
				CLANG_CXX_LANGUAGE_STANDARD = "gnu++20";
				CLANG_ENABLE_MODULES = YES;
				CLANG_ENABLE_OBJC_ARC = YES;
				CLANG_ENABLE_OBJC_WEAK = YES;
				CLANG_WARN_BLOCK_CAPTURE_AUTORELEASING = YES;
				CLANG_WARN_BOOL_CONVERSION = YES;
				CLANG_WARN_COMMA = YES;
				CLANG_WARN_CONSTANT_CONVERSION = YES;
				CLANG_WARN_DEPRECATED_OBJC_IMPLEMENTATIONS = YES;
				CLANG_WARN_DIRECT_OBJC_ISA_USAGE = YES_ERROR;
				CLANG_WARN_DOCUMENTATION_COMMENTS = YES;
				CLANG_WARN_EMPTY_BODY = YES;
				CLANG_WARN_ENUM_CONVERSION = YES;
				CLANG_WARN_INFINITE_RECURSION = YES;
				CLANG_WARN_INT_CONVERSION = YES;
				CLANG_WARN_NON_LITERAL_NULL_CONVERSION = YES;
				CLANG_WARN_OBJC_IMPLICIT_RETAIN_SELF = YES;
				CLANG_WARN_OBJC_LITERAL_CONVERSION = YES;
				CLANG_WARN_OBJC_ROOT_CLASS = YES_ERROR;
				CLANG_WARN_QUOTED_INCLUDE_IN_FRAMEWORK_HEADER = YES;
				CLANG_WARN_RANGE_LOOP_ANALYSIS = YES;
				CLANG_WARN_STRICT_PROTOTYPES = YES;
				CLANG_WARN_SUSPICIOUS_MOVE = YES;
				CLANG_WARN_UNGUARDED_AVAILABILITY = YES_AGGRESSIVE;
				CLANG_WARN_UNREACHABLE_CODE = YES;
				CLANG_WARN__DUPLICATE_METHOD_MATCH = YES;
				COPY_PHASE_STRIP = NO;
				DEBUG_INFORMATION_FORMAT = "dwarf-with-dsym";
				ENABLE_NS_ASSERTIONS = NO;
				ENABLE_STRICT_OBJC_MSGSEND = YES;
				ENABLE_USER_SCRIPT_SANDBOXING = YES;
				GCC_C_LANGUAGE_STANDARD = gnu17;
				GCC_NO_COMMON_BLOCKS = YES;
				GCC_WARN_64_TO_32_BIT_CONVERSION = YES;
				GCC_WARN_ABOUT_RETURN_TYPE = YES_ERROR;
				GCC_WARN_UNDECLARED_SELECTOR = YES;
				GCC_WARN_UNINITIALIZED_AUTOS = YES_AGGRESSIVE;
				GCC_WARN_UNUSED_FUNCTION = YES;
				GCC_WARN_UNUSED_VARIABLE = YES;
				LOCALIZATION_PREFERS_STRING_CATALOGS = YES;
				MACOSX_DEPLOYMENT_TARGET = 15.0;
				MTL_ENABLE_DEBUG_INFO = NO;
				MTL_FAST_MATH = YES;
				SDKROOT = macosx;
				SWIFT_COMPILATION_MODE = wholemodule;
			};
			name = Release;
		};
		56CF0EE72C2C0BCC0061C544 /* Debug */ = {
			isa = XCBuildConfiguration;
			buildSettings = {
				ASSETCATALOG_COMPILER_APPICON_NAME = BetaIcon;
				ASSETCATALOG_COMPILER_GLOBAL_ACCENT_COLOR_NAME = AccentColor;
				CODE_SIGN_ENTITLEMENTS = Scouter/Scouter.entitlements;
				CODE_SIGN_STYLE = Automatic;
				COMBINE_HIDPI_IMAGES = YES;
				CURRENT_PROJECT_VERSION = 1;
				DEVELOPMENT_TEAM = 2445G329LF;
				ENABLE_HARDENED_RUNTIME = YES;
				GENERATE_INFOPLIST_FILE = YES;
				INFOPLIST_KEY_LSUIElement = YES;
				INFOPLIST_KEY_NSHumanReadableCopyright = "";
				INFOPLIST_KEY_NSMainStoryboardFile = "";
				INFOPLIST_KEY_NSPrincipalClass = NSApplication;
				LD_RUNPATH_SEARCH_PATHS = (
					"$(inherited)",
					"@executable_path/../Frameworks",
				);
				MACOSX_DEPLOYMENT_TARGET = 14.0;
				MARKETING_VERSION = 0.5.2;
				PRODUCT_BUNDLE_IDENTIFIER = com.jonalaniz.com.Scouter;
				PRODUCT_NAME = "$(TARGET_NAME)";
				SWIFT_EMIT_LOC_STRINGS = YES;
				SWIFT_VERSION = 5.0;
			};
			name = Debug;
		};
		56CF0EE82C2C0BCC0061C544 /* Release */ = {
			isa = XCBuildConfiguration;
			buildSettings = {
				ASSETCATALOG_COMPILER_APPICON_NAME = BetaIcon;
				ASSETCATALOG_COMPILER_GLOBAL_ACCENT_COLOR_NAME = AccentColor;
				CODE_SIGN_ENTITLEMENTS = Scouter/Scouter.entitlements;
				CODE_SIGN_STYLE = Automatic;
				COMBINE_HIDPI_IMAGES = YES;
				CURRENT_PROJECT_VERSION = 1;
				DEVELOPMENT_TEAM = 2445G329LF;
				ENABLE_HARDENED_RUNTIME = YES;
				GENERATE_INFOPLIST_FILE = YES;
				INFOPLIST_KEY_LSUIElement = YES;
				INFOPLIST_KEY_NSHumanReadableCopyright = "";
				INFOPLIST_KEY_NSMainStoryboardFile = "";
				INFOPLIST_KEY_NSPrincipalClass = NSApplication;
				LD_RUNPATH_SEARCH_PATHS = (
					"$(inherited)",
					"@executable_path/../Frameworks",
				);
				MACOSX_DEPLOYMENT_TARGET = 14.0;
				MARKETING_VERSION = 0.5.2;
				PRODUCT_BUNDLE_IDENTIFIER = com.jonalaniz.com.Scouter;
				PRODUCT_NAME = "$(TARGET_NAME)";
				SWIFT_EMIT_LOC_STRINGS = YES;
				SWIFT_VERSION = 5.0;
			};
			name = Release;
		};
/* End XCBuildConfiguration section */

/* Begin XCConfigurationList section */
		56CF0ED22C2C0BCA0061C544 /* Build configuration list for PBXProject "Scouter" */ = {
			isa = XCConfigurationList;
			buildConfigurations = (
				56CF0EE42C2C0BCC0061C544 /* Debug */,
				56CF0EE52C2C0BCC0061C544 /* Release */,
			);
			defaultConfigurationIsVisible = 0;
			defaultConfigurationName = Release;
		};
		56CF0EE62C2C0BCC0061C544 /* Build configuration list for PBXNativeTarget "Scouter" */ = {
			isa = XCConfigurationList;
			buildConfigurations = (
				56CF0EE72C2C0BCC0061C544 /* Debug */,
				56CF0EE82C2C0BCC0061C544 /* Release */,
			);
			defaultConfigurationIsVisible = 0;
			defaultConfigurationName = Release;
		};
/* End XCConfigurationList section */
	};
	rootObject = 56CF0ECF2C2C0BCA0061C544 /* Project object */;
}
